
Microsoft Visual Studio Solution File, Format Version 12.00
# Visual Studio Version 16
VisualStudioVersion = 16.0.31702.278
MinimumVisualStudioVersion = 10.0.40219.1
Project("{8BC9CEB8-8B4A-11D0-8D11-00A0C91BC942}") = "CPT205-Assignment1", "CPT205-Assignment1.vcxproj", "{8730126D-5A2F-4EEF-8FBB-97B4585A8832}"
EndProject
Global
	GlobalSection(SolutionConfigurationPlatforms) = preSolution
		Debug|x64 = Debug|x64
		Debug|x86 = Debug|x86
		Release|x64 = Release|x64
		Release|x86 = Release|x86
	EndGlobalSection
	GlobalSection(ProjectConfigurationPlatforms) = postSolution
		{8730126D-5A2F-4EEF-8FBB-97B4585A8832}.Debug|x64.ActiveCfg = Debug|x64
		{8730126D-5A2F-4EEF-8FBB-97B4585A8832}.Debug|x64.Build.0 = Debug|x64
		{8730126D-5A2F-4EEF-8FBB-97B4585A8832}.Debug|x86.ActiveCfg = Debug|Win32
		{8730126D-5A2F-4EEF-8FBB-97B4585A8832}.Debug|x86.Build.0 = Debug|Win32
		{8730126D-5A2F-4EEF-8FBB-97B4585A8832}.Release|x64.ActiveCfg = Release|x64
		{8730126D-5A2F-4EEF-8FBB-97B4585A8832}.Release|x64.Build.0 = Release|x64
		{8730126D-5A2F-4EEF-8FBB-97B4585A8832}.Release|x86.ActiveCfg = Release|Win32
		{8730126D-5A2F-4EEF-8FBB-97B4585A8832}.Release|x86.Build.0 = Release|Win32
	EndGlobalSection
	GlobalSection(SolutionProperties) = preSolution
		HideSolutionNode = FALSE
	EndGlobalSection
	GlobalSection(ExtensibilityGlobals) = postSolution
		SolutionGuid = {4E032BFD-14C1-405F-B1A5-728E34A5C952}
	EndGlobalSection
EndGlobal
